PODS:
  - Alamofire (5.5.0)
  - Realm (10.24.1):
    - Realm/Headers (= 10.24.1)
  - Realm/Headers (10.24.1)
  - RealmSwift (10.24.1):
    - Realm (= 10.24.1)
  - SDWebImage (4.4.8):
    - SDWebImage/Core (= 4.4.8)
  - SDWebImage/Core (4.4.8)
  - SwiftSoup (2.0.0)

DEPENDENCIES:
  - Alamofire (~> 5.5)
  - RealmSwift
  - SDWebImage (~> 4.0)
  - SwiftSoup (~> 2.0.0)

SPEC REPOS:
  https://github.com/CocoaPods/Specs.git:
    - Alamofire
    - Realm
    - RealmSwift
    - SDWebImage
    - SwiftSoup

SPEC CHECKSUMS:
  Alamofire: 1c4fb5369c3fe93d2857c780d8bbe09f06f97e7c
  Realm: f9bc5a212a9ab084b4ed90cda1c28d835a38a06b
  RealmSwift: 0b03bb38001bee4280dcc27709e6b33f438cfad1
  SDWebImage: 783af2c3fa36291a250030c4752ee370a9a51d13
  SwiftSoup: 4fe21f65cdbfa3a40559047016b7962b88d29279

PODFILE CHECKSUM: c4ffaebb549c3f42a86d20fa32dd568e70782950

COCOAPODS: 1.11.2
